{
	"name": "@packtrack/director",
	"lockfileVersion": 3,
	"requires": true,
	"packages": {
		"": {
			"name": "@packtrack/director",
			"dependencies": {
				"@packtrack/layout": "^1.0.0",
				"@packtrack/protocol": "^1.0.1",
				"xmldom": "^0.6.0"
			},
			"devDependencies": {
				"@acryps/environment": "^2.7.2",
				"@types/node": "^20.11.9",
				"typescript": "^5.3.3"
			}
		},
		"node_modules/@acryps/environment": {
			"version": "2.7.2",
			"resolved": "https://registry.npmjs.org/@acryps/environment/-/environment-2.7.2.tgz",
			"integrity": "sha512-mYrfRhYruhpb2XixsIvuLvyBDqA2vJ92YCOvh/0woq1/zlpI89dLgWpMtaSeoBW6kX8CspIb1+tEgg9hp5shkg==",
			"dev": true,
			"dependencies": {
				"which": "^3.0.1"
			},
			"bin": {
				"environment": "executable.js"
			}
		},
		"node_modules/@packtrack/layout": {
			"version": "1.0.0",
			"resolved": "https://registry.npmjs.org/@packtrack/layout/-/layout-1.0.0.tgz",
			"integrity": "sha512-GEZXMz054uMQr+V/862aIvgL5LQzz1YLvAIhNZmkMV7axqQVYzcRRqAkV/61cnfgdAXvz8oigx6H/zAWd6qjIA=="
		},
		"node_modules/@packtrack/protocol": {
			"version": "1.0.1",
			"resolved": "https://registry.npmjs.org/@packtrack/protocol/-/protocol-1.0.1.tgz",
			"integrity": "sha512-DnRUtmOEVsDSNl6r8UZQLY1ka8dnUs0Ya+I6IJFrQgklue4U5p2xxTlpXC9YiKFSjo3kkv8wKhnFNxWErdOoCA=="
		},
		"node_modules/@types/node": {
			"version": "20.11.9",
			"resolved": "https://registry.npmjs.org/@types/node/-/node-20.11.9.tgz",
			"integrity": "sha512-CQXNuMoS/VcoAMISe5pm4JnEd1Br5jildbQEToEMQvutmv+EaQr90ry9raiudgpyDuqFiV9e4rnjSfLNq12M5w==",
			"dev": true,
			"dependencies": {
				"undici-types": "~5.26.4"
			}
		},
		"node_modules/isexe": {
			"version": "2.0.0",
			"resolved": "https://registry.npmjs.org/isexe/-/isexe-2.0.0.tgz",
			"integrity": "sha512-RHxMLp9lnKHGHRng9QFhRCMbYAcVpn69smSGcq3f36xjgVVWThj4qqLbTLlq7Ssj8B+fIQ1EuCEGI2lKsyQeIw==",
			"dev": true
		},
		"node_modules/typescript": {
			"version": "5.3.3",
			"resolved": "https://registry.npmjs.org/typescript/-/typescript-5.3.3.tgz",
			"integrity": "sha512-pXWcraxM0uxAS+tN0AG/BF2TyqmHO014Z070UsJ+pFvYuRSq8KH8DmWpnbXe0pEPDHXZV3FcAbJkijJ5oNEnWw==",
			"dev": true,
			"bin": {
				"tsc": "bin/tsc",
				"tsserver": "bin/tsserver"
			},
			"engines": {
				"node": ">=14.17"
			}
		},
		"node_modules/undici-types": {
			"version": "5.26.5",
			"resolved": "https://registry.npmjs.org/undici-types/-/undici-types-5.26.5.tgz",
			"integrity": "sha512-JlCMO+ehdEIKqlFxk6IfVoAUVmgz7cU7zD/h9XZ0qzeosSHmUJVOzSQvvYSYWXkFXC+IfLKSIffhv0sVZup6pA==",
			"dev": true
		},
		"node_modules/which": {
			"version": "3.0.1",
			"resolved": "https://registry.npmjs.org/which/-/which-3.0.1.tgz",
			"integrity": "sha512-XA1b62dzQzLfaEOSQFTCOd5KFf/1VSzZo7/7TUjnya6u0vGGKzU96UQBZTAThCb2j4/xjBAyii1OhRLJEivHvg==",
			"dev": true,
			"dependencies": {
				"isexe": "^2.0.0"
			},
			"bin": {
				"node-which": "bin/which.js"
			},
			"engines": {
				"node": "^14.17.0 || ^16.13.0 || >=18.0.0"
			}
		},
		"node_modules/xmldom": {
			"version": "0.6.0",
			"resolved": "https://registry.npmjs.org/xmldom/-/xmldom-0.6.0.tgz",
			"integrity": "sha512-iAcin401y58LckRZ0TkI4k0VSM1Qg0KGSc3i8rU+xrxe19A/BN1zHyVSJY7uoutVlaTSzYyk/v5AmkewAP7jtg==",
			"engines": {
				"node": ">=10.0.0"
			}
		}
	}
}
